# THIS IS AN AUTOGENERATED FILE. DO NOT EDIT THIS FILE DIRECTLY.
# yarn lockfile v1


"@randyjohnston/fancybox@3.5.7":
  "integrity" "sha512-NMzfIXtiGayGkBbC6cngSuu76T3e7XiQYjfWg7PwOmdkLVKcuQ9lWeDC1KzKWJS7ClJX+ahDxUHugq6ChE4V7w=="
  "resolved" "https://npm.pkg.github.com/download/@randyjohnston/fancybox/3.5.7/ac428d79ec1ea239500ecbb15d9330cb82814e1287e60758d1ce2a7751e5f126"
  "version" "3.5.7"

"jquery@>=1.9.0":
  "integrity" "sha512-JVzAR/AjBvVt2BmYhxRCSYysDsPcssdmTFnzyLEts9qNwmjmu4JTAMYubEfwVOSwpQ1I1sKKFcxhZCI2buerfw=="
  "resolved" "https://registry.npmjs.org/jquery/-/jquery-3.6.0.tgz"
  "version" "3.6.0"

"passport-strategy@1.x.x":
  "integrity" "sha512-CB97UUvDKJde2V0KDWWB3lyf6PC3FaZP7YxZ2G8OAtn9p4HI9j9JLP9qjOGZFvyl8uwNT8qM+hGnz/n16NI7oA=="
  "resolved" "https://registry.npmjs.org/passport-strategy/-/passport-strategy-1.0.0.tgz"
  "version" "1.0.0"

"passport@0.4.1":
  "integrity" "sha512-IxXgZZs8d7uFSt3eqNjM9NQ3g3uQCW5avD8mRNoXV99Yig50vjuaez6dQK2qC0kVWPRTujxY0dWgGfT09adjYg=="
  "resolved" "https://registry.npmjs.org/passport/-/passport-0.4.1.tgz"
  "version" "0.4.1"
  dependencies:
    "passport-strategy" "1.x.x"
    "pause" "0.0.1"

"pause@0.0.1":
  "integrity" "sha512-KG8UEiEVkR3wGEb4m5yZkVCzigAD+cVEJck2CzYZO37ZGJfctvVptVO192MwrtPhzONn6go8ylnOdMhKqi4nfg=="
  "resolved" "https://registry.npmjs.org/pause/-/pause-0.0.1.tgz"
  "version" "0.0.1"
